# This file is automatically @generated by Cargo.
# It is not intended for manual editing.
version = 4

[[package]]
name = "grammar"
version = "0.1.0"

[[package]]
name = "grammar_english"
version = "0.1.0"
dependencies = [
 "grammar",
]

[[package]]
name = "grammar_russian"
version = "0.1.0"
dependencies = [
 "grammar",
]
